
Microsoft Visual Studio Solution File, Format Version 12.00
# Visual Studio 14
VisualStudioVersion = 14.0.22310.1
MinimumVisualStudioVersion = 10.0.40219.1
Project("{2150E333-8FDC-42A3-9474-1A3956D46DE8}") = "src", "src", "{010E17D4-C21C-4990-ACCE-B0DC1997051D}"
EndProject
Project("{2150E333-8FDC-42A3-9474-1A3956D46DE8}") = "Solution Items", "Solution Items", "{3D961DA9-2FC6-4E5B-8CBD-B9CC1BD2732C}"
	ProjectSection(SolutionItems) = preProject
		global.json = global.json
	EndProjectSection
EndProject
Project("{FAE04EC0-301F-11D3-BF4B-00C04F79EFBC}") = "Lime", "src\Lime\Lime.csproj", "{DACFF333-02EE-483D-8DE4-D11F2C06C9C3}"
EndProject
Global
	GlobalSection(SolutionConfigurationPlatforms) = preSolution
		Debug|Any CPU = Debug|Any CPU
		Release|Any CPU = Release|Any CPU
	EndGlobalSection
	GlobalSection(ProjectConfigurationPlatforms) = postSolution
		{DACFF333-02EE-483D-8DE4-D11F2C06C9C3}.Debug|Any CPU.ActiveCfg = Debug|Any CPU
		{DACFF333-02EE-483D-8DE4-D11F2C06C9C3}.Debug|Any CPU.Build.0 = Debug|Any CPU
		{DACFF333-02EE-483D-8DE4-D11F2C06C9C3}.Release|Any CPU.ActiveCfg = Release|Any CPU
		{DACFF333-02EE-483D-8DE4-D11F2C06C9C3}.Release|Any CPU.Build.0 = Release|Any CPU
	EndGlobalSection
	GlobalSection(SolutionProperties) = preSolution
		HideSolutionNode = FALSE
	EndGlobalSection
	GlobalSection(NestedProjects) = preSolution
		{DACFF333-02EE-483D-8DE4-D11F2C06C9C3} = {010E17D4-C21C-4990-ACCE-B0DC1997051D}
	EndGlobalSection
EndGlobal
